
Microsoft Visual Studio Solution File, Format Version 12.00
# Visual Studio Version 16
VisualStudioVersion = 16.0.30717.126
MinimumVisualStudioVersion = 10.0.40219.1
Project("{FAE04EC0-301F-11D3-BF4B-00C04F79EFBC}") = "Loom Parser", "Loom Parser\Loom Parser.csproj", "{DADA5B84-024C-46A0-BEED-DBABD573EFC8}"
EndProject
Global
	GlobalSection(SolutionConfigurationPlatforms) = preSolution
		Debug|Any CPU = Debug|Any CPU
		Release|Any CPU = Release|Any CPU
	EndGlobalSection
	GlobalSection(ProjectConfigurationPlatforms) = postSolution
		{DADA5B84-024C-46A0-BEED-DBABD573EFC8}.Debug|Any CPU.ActiveCfg = Debug|Any CPU
		{DADA5B84-024C-46A0-BEED-DBABD573EFC8}.Debug|Any CPU.Build.0 = Debug|Any CPU
		{DADA5B84-024C-46A0-BEED-DBABD573EFC8}.Release|Any CPU.ActiveCfg = Release|Any CPU
		{DADA5B84-024C-46A0-BEED-DBABD573EFC8}.Release|Any CPU.Build.0 = Release|Any CPU
	EndGlobalSection
	GlobalSection(SolutionProperties) = preSolution
		HideSolutionNode = FALSE
	EndGlobalSection
	GlobalSection(ExtensibilityGlobals) = postSolution
		SolutionGuid = {2CD66744-1963-4BFE-A0E9-C780F3AAEE4B}
	EndGlobalSection
EndGlobal
